// !$*UTF8*$!
{
	archiveVersion = 1;
	classes = {
	};
	objectVersion = 48;
	objects = {

/* Begin PBXBuildFile section */
		C906B5AC1F8EE359002C911F /* BorderButton.swift in Sources */ = {isa = PBXBuildFile; fileRef = C906B5AB1F8EE359002C911F /* BorderButton.swift */; };
		C9B5F7A51F9127E9007EF885 /* SkillViewController.swift in Sources */ = {isa = PBXBuildFile; fileRef = C9B5F7A41F9127E9007EF885 /* SkillViewController.swift */; };
		C9B5F7A71F9127FB007EF885 /* LeagueViewController.swift in Sources */ = {isa = PBXBuildFile; fileRef = C9B5F7A61F9127FB007EF885 /* LeagueViewController.swift */; };
		C9B5F7A91F912814007EF885 /* Player.swift in Sources */ = {isa = PBXBuildFile; fileRef = C9B5F7A81F912814007EF885 /* Player.swift */; };
		C9D390631F86577C00E7D4D5 /* AppDelegate.swift in Sources */ = {isa = PBXBuildFile; fileRef = C9D390621F86577C00E7D4D5 /* AppDelegate.swift */; };
		C9D390651F86577C00E7D4D5 /* WellcomeViewController.swift in Sources */ = {isa = PBXBuildFile; fileRef = C9D390641F86577C00E7D4D5 /* WellcomeViewController.swift */; };
		C9D390681F86577C00E7D4D5 /* Main.storyboard in Resources */ = {isa = PBXBuildFile; fileRef = C9D390661F86577C00E7D4D5 /* Main.storyboard */; };
		C9D3906A1F86577C00E7D4D5 /* Assets.xcassets in Resources */ = {isa = PBXBuildFile; fileRef = C9D390691F86577C00E7D4D5 /* Assets.xcassets */; };
		C9D3906D1F86577C00E7D4D5 /* LaunchScreen.storyboard in Resources */ = {isa = PBXBuildFile; fileRef = C9D3906B1F86577C00E7D4D5 /* LaunchScreen.storyboard */; };
/* End PBXBuildFile section */

/* Begin PBXFileReference section */
		C906B5AB1F8EE359002C911F /* BorderButton.swift */ = {isa = PBXFileReference; lastKnownFileType = sourcecode.swift; path = BorderButton.swift; sourceTree = "<group>"; };
		C9B5F7A41F9127E9007EF885 /* SkillViewController.swift */ = {isa = PBXFileReference; lastKnownFileType = sourcecode.swift; path = SkillViewController.swift; sourceTree = "<group>"; };
		C9B5F7A61F9127FB007EF885 /* LeagueViewController.swift */ = {isa = PBXFileReference; lastKnownFileType = sourcecode.swift; path = LeagueViewController.swift; sourceTree = "<group>"; };
		C9B5F7A81F912814007EF885 /* Player.swift */ = {isa = PBXFileReference; lastKnownFileType = sourcecode.swift; path = Player.swift; sourceTree = "<group>"; };
		C9D3905F1F86577C00E7D4D5 /* app-swoosh.app */ = {isa = PBXFileReference; explicitFileType = wrapper.application; includeInIndex = 0; path = "app-swoosh.app"; sourceTree = BUILT_PRODUCTS_DIR; };
		C9D390621F86577C00E7D4D5 /* AppDelegate.swift */ = {isa = PBXFileReference; lastKnownFileType = sourcecode.swift; path = AppDelegate.swift; sourceTree = "<group>"; };
		C9D390641F86577C00E7D4D5 /* WellcomeViewController.swift */ = {isa = PBXFileReference; lastKnownFileType = sourcecode.swift; path = WellcomeViewController.swift; sourceTree = "<group>"; };
		C9D390671F86577C00E7D4D5 /* Base */ = {isa = PBXFileReference; lastKnownFileType = file.storyboard; name = Base; path = Base.lproj/Main.storyboard; sourceTree = "<group>"; };
		C9D390691F86577C00E7D4D5 /* Assets.xcassets */ = {isa = PBXFileReference; lastKnownFileType = folder.assetcatalog; path = Assets.xcassets; sourceTree = "<group>"; };
		C9D3906C1F86577C00E7D4D5 /* Base */ = {isa = PBXFileReference; lastKnownFileType = file.storyboard; name = Base; path = Base.lproj/LaunchScreen.storyboard; sourceTree = "<group>"; };
		C9D3906E1F86577C00E7D4D5 /* Info.plist */ = {isa = PBXFileReference; lastKnownFileType = text.plist.xml; path = Info.plist; sourceTree = "<group>"; };
/* End PBXFileReference section */

/* Begin PBXFrameworksBuildPhase section */
		C9D3905C1F86577C00E7D4D5 /* Frameworks */ = {
			isa = PBXFrameworksBuildPhase;
			buildActionMask = 2147483647;
			files = (
			);
			runOnlyForDeploymentPostprocessing = 0;
		};
/* End PBXFrameworksBuildPhase section */

/* Begin PBXGroup section */
		C9B5F7A11F9125CB007EF885 /* Model */ = {
			isa = PBXGroup;
			children = (
				C9B5F7A81F912814007EF885 /* Player.swift */,
			);
			path = Model;
			sourceTree = "<group>";
		};
		C9B5F7A21F9125D7007EF885 /* View */ = {
			isa = PBXGroup;
			children = (
				C906B5AB1F8EE359002C911F /* BorderButton.swift */,
			);
			path = View;
			sourceTree = "<group>";
		};
		C9B5F7A31F9125F3007EF885 /* Controller */ = {
			isa = PBXGroup;
			children = (
				C9B5F7A41F9127E9007EF885 /* SkillViewController.swift */,
				C9B5F7A61F9127FB007EF885 /* LeagueViewController.swift */,
				C9D390641F86577C00E7D4D5 /* WellcomeViewController.swift */,
			);
			path = Controller;
			sourceTree = "<group>";
		};
		C9D390561F86577C00E7D4D5 = {
			isa = PBXGroup;
			children = (
				C9D390611F86577C00E7D4D5 /* app-swoosh */,
				C9D390601F86577C00E7D4D5 /* Products */,
			);
			sourceTree = "<group>";
		};
		C9D390601F86577C00E7D4D5 /* Products */ = {
			isa = PBXGroup;
			children = (
				C9D3905F1F86577C00E7D4D5 /* app-swoosh.app */,
			);
			name = Products;
			sourceTree = "<group>";
		};
		C9D390611F86577C00E7D4D5 /* app-swoosh */ = {
			isa = PBXGroup;
			children = (
				C9B5F7A11F9125CB007EF885 /* Model */,
				C9B5F7A21F9125D7007EF885 /* View */,
				C9B5F7A31F9125F3007EF885 /* Controller */,
				C9D390621F86577C00E7D4D5 /* AppDelegate.swift */,
				C9D390661F86577C00E7D4D5 /* Main.storyboard */,
				C9D390691F86577C00E7D4D5 /* Assets.xcassets */,
				C9D3906B1F86577C00E7D4D5 /* LaunchScreen.storyboard */,
				C9D3906E1F86577C00E7D4D5 /* Info.plist */,
			);
			path = "app-swoosh";
			sourceTree = "<group>";
		};
/* End PBXGroup section */

/* Begin PBXNativeTarget section */
		C9D3905E1F86577C00E7D4D5 /* app-swoosh */ = {
			isa = PBXNativeTarget;
			buildConfigurationList = C9D390711F86577C00E7D4D5 /* Build configuration list for PBXNativeTarget "app-swoosh" */;
			buildPhases = (
				C9D3905B1F86577C00E7D4D5 /* Sources */,
				C9D3905C1F86577C00E7D4D5 /* Frameworks */,
				C9D3905D1F86577C00E7D4D5 /* Resources */,
			);
			buildRules = (
			);
			dependencies = (
			);
			name = "app-swoosh";
			productName = "app-swoosh";
			productReference = C9D3905F1F86577C00E7D4D5 /* app-swoosh.app */;
			productType = "com.apple.product-type.application";
		};
/* End PBXNativeTarget section */

/* Begin PBXProject section */
		C9D390571F86577C00E7D4D5 /* Project object */ = {
			isa = PBXProject;
			attributes = {
				LastSwiftUpdateCheck = 0900;
				LastUpgradeCheck = 0900;
				ORGANIZATIONNAME = "Matt Osak";
				TargetAttributes = {
					C9D3905E1F86577C00E7D4D5 = {
						CreatedOnToolsVersion = 9.0;
						ProvisioningStyle = Automatic;
					};
				};
			};
			buildConfigurationList = C9D3905A1F86577C00E7D4D5 /* Build configuration list for PBXProject "app-swoosh" */;
			compatibilityVersion = "Xcode 8.0";
			developmentRegion = en;
			hasScannedForEncodings = 0;
			knownRegions = (
				en,
				Base,
			);
			mainGroup = C9D390561F86577C00E7D4D5;
			productRefGroup = C9D390601F86577C00E7D4D5 /* Products */;
			projectDirPath = "";
			projectRoot = "";
			targets = (
				C9D3905E1F86577C00E7D4D5 /* app-swoosh */,
			);
		};
/* End PBXProject section */

/* Begin PBXResourcesBuildPhase section */
		C9D3905D1F86577C00E7D4D5 /* Resources */ = {
			isa = PBXResourcesBuildPhase;
			buildActionMask = 2147483647;
			files = (
				C9D3906D1F86577C00E7D4D5 /* LaunchScreen.storyboard in Resources */,
				C9D3906A1F86577C00E7D4D5 /* Assets.xcassets in Resources */,
				C9D390681F86577C00E7D4D5 /* Main.storyboard in Resources */,
			);
			runOnlyForDeploymentPostprocessing = 0;
		};
/* End PBXResourcesBuildPhase section */

/* Begin PBXSourcesBuildPhase section */
		C9D3905B1F86577C00E7D4D5 /* Sources */ = {
			isa = PBXSourcesBuildPhase;
			buildActionMask = 2147483647;
			files = (
				C9D390651F86577C00E7D4D5 /* WellcomeViewController.swift in Sources */,
				C9D390631F86577C00E7D4D5 /* AppDelegate.swift in Sources */,
				C9B5F7A51F9127E9007EF885 /* SkillViewController.swift in Sources */,
				C9B5F7A71F9127FB007EF885 /* LeagueViewController.swift in Sources */,
				C9B5F7A91F912814007EF885 /* Player.swift in Sources */,
				C906B5AC1F8EE359002C911F /* BorderButton.swift in Sources */,
			);
			runOnlyForDeploymentPostprocessing = 0;
		};
/* End PBXSourcesBuildPhase section */

/* Begin PBXVariantGroup section */
		C9D390661F86577C00E7D4D5 /* Main.storyboard */ = {
			isa = PBXVariantGroup;
			children = (
				C9D390671F86577C00E7D4D5 /* Base */,
			);
			name = Main.storyboard;
			sourceTree = "<group>";
		};
		C9D3906B1F86577C00E7D4D5 /* LaunchScreen.storyboard */ = {
			isa = PBXVariantGroup;
			children = (
				C9D3906C1F86577C00E7D4D5 /* Base */,
			);
			name = LaunchScreen.storyboard;
			sourceTree = "<group>";
		};
/* End PBXVariantGroup section */

/* Begin XCBuildConfiguration section */
		C9D3906F1F86577C00E7D4D5 /* Debug */ = {
			isa = XCBuildConfiguration;
			buildSettings = {
				ALWAYS_SEARCH_USER_PATHS = NO;
				CLANG_ANALYZER_NONNULL = YES;
				CLANG_ANALYZER_NUMBER_OBJECT_CONVERSION = YES_AGGRESSIVE;
				CLANG_CXX_LANGUAGE_STANDARD = "gnu++14";
				CLANG_CXX_LIBRARY = "libc++";
				CLANG_ENABLE_MODULES = YES;
				CLANG_ENABLE_OBJC_ARC = YES;
				CLANG_WARN_BLOCK_CAPTURE_AUTORELEASING = YES;
				CLANG_WARN_BOOL_CONVERSION = YES;
				CLANG_WARN_COMMA = YES;
				CLANG_WARN_CONSTANT_CONVERSION = YES;
				CLANG_WARN_DIRECT_OBJC_ISA_USAGE = YES_ERROR;
				CLANG_WARN_DOCUMENTATION_COMMENTS = YES;
				CLANG_WARN_EMPTY_BODY = YES;
				CLANG_WARN_ENUM_CONVERSION = YES;
				CLANG_WARN_INFINITE_RECURSION = YES;
				CLANG_WARN_INT_CONVERSION = YES;
				CLANG_WARN_NON_LITERAL_NULL_CONVERSION = YES;
				CLANG_WARN_OBJC_LITERAL_CONVERSION = YES;
				CLANG_WARN_OBJC_ROOT_CLASS = YES_ERROR;
				CLANG_WARN_RANGE_LOOP_ANALYSIS = YES;
				CLANG_WARN_STRICT_PROTOTYPES = YES;
				CLANG_WARN_SUSPICIOUS_MOVE = YES;
				CLANG_WARN_UNGUARDED_AVAILABILITY = YES_AGGRESSIVE;
				CLANG_WARN_UNREACHABLE_CODE = YES;
				CLANG_WARN__DUPLICATE_METHOD_MATCH = YES;
				CODE_SIGN_IDENTITY = "iPhone Developer";
				COPY_PHASE_STRIP = NO;
				DEBUG_INFORMATION_FORMAT = dwarf;
				ENABLE_STRICT_OBJC_MSGSEND = YES;
				ENABLE_TESTABILITY = YES;
				GCC_C_LANGUAGE_STANDARD = gnu11;
				GCC_DYNAMIC_NO_PIC = NO;
				GCC_NO_COMMON_BLOCKS = YES;
				GCC_OPTIMIZATION_LEVEL = 0;
				GCC_PREPROCESSOR_DEFINITIONS = (
					"DEBUG=1",
					"$(inherited)",
				);
				GCC_WARN_64_TO_32_BIT_CONVERSION = YES;
				GCC_WARN_ABOUT_RETURN_TYPE = YES_ERROR;
				GCC_WARN_UNDECLARED_SELECTOR = YES;
				GCC_WARN_UNINITIALIZED_AUTOS = YES_AGGRESSIVE;
				GCC_WARN_UNUSED_FUNCTION = YES;
				GCC_WARN_UNUSED_VARIABLE = YES;
				IPHONEOS_DEPLOYMENT_TARGET = 11.0;
				MTL_ENABLE_DEBUG_INFO = YES;
				ONLY_ACTIVE_ARCH = YES;
				SDKROOT = iphoneos;
				SWIFT_ACTIVE_COMPILATION_CONDITIONS = DEBUG;
				SWIFT_OPTIMIZATION_LEVEL = "-Onone";
			};
			name = Debug;
		};
		C9D390701F86577C00E7D4D5 /* Release */ = {
			isa = XCBuildConfiguration;
			buildSettings = {
				ALWAYS_SEARCH_USER_PATHS = NO;
				CLANG_ANALYZER_NONNULL = YES;
				CLANG_ANALYZER_NUMBER_OBJECT_CONVERSION = YES_AGGRESSIVE;
				CLANG_CXX_LANGUAGE_STANDARD = "gnu++14";
				CLANG_CXX_LIBRARY = "libc++";
				CLANG_ENABLE_MODULES = YES;
				CLANG_ENABLE_OBJC_ARC = YES;
				CLANG_WARN_BLOCK_CAPTURE_AUTORELEASING = YES;
				CLANG_WARN_BOOL_CONVERSION = YES;
				CLANG_WARN_COMMA = YES;
				CLANG_WARN_CONSTANT_CONVERSION = YES;
				CLANG_WARN_DIRECT_OBJC_ISA_USAGE = YES_ERROR;
				CLANG_WARN_DOCUMENTATION_COMMENTS = YES;
				CLANG_WARN_EMPTY_BODY = YES;
				CLANG_WARN_ENUM_CONVERSION = YES;
				CLANG_WARN_INFINITE_RECURSION = YES;
				CLANG_WARN_INT_CONVERSION = YES;
				CLANG_WARN_NON_LITERAL_NULL_CONVERSION = YES;
				CLANG_WARN_OBJC_LITERAL_CONVERSION = YES;
				CLANG_WARN_OBJC_ROOT_CLASS = YES_ERROR;
				CLANG_WARN_RANGE_LOOP_ANALYSIS = YES;
				CLANG_WARN_STRICT_PROTOTYPES = YES;
				CLANG_WARN_SUSPICIOUS_MOVE = YES;
				CLANG_WARN_UNGUARDED_AVAILABILITY = YES_AGGRESSIVE;
				CLANG_WARN_UNREACHABLE_CODE = YES;
				CLANG_WARN__DUPLICATE_METHOD_MATCH = YES;
				CODE_SIGN_IDENTITY = "iPhone Developer";
				COPY_PHASE_STRIP = NO;
				DEBUG_INFORMATION_FORMAT = "dwarf-with-dsym";
				ENABLE_NS_ASSERTIONS = NO;
				ENABLE_STRICT_OBJC_MSGSEND = YES;
				GCC_C_LANGUAGE_STANDARD = gnu11;
				GCC_NO_COMMON_BLOCKS = YES;
				GCC_WARN_64_TO_32_BIT_CONVERSION = YES;
				GCC_WARN_ABOUT_RETURN_TYPE = YES_ERROR;
				GCC_WARN_UNDECLARED_SELECTOR = YES;
				GCC_WARN_UNINITIALIZED_AUTOS = YES_AGGRESSIVE;
				GCC_WARN_UNUSED_FUNCTION = YES;
				GCC_WARN_UNUSED_VARIABLE = YES;
				IPHONEOS_DEPLOYMENT_TARGET = 11.0;
				MTL_ENABLE_DEBUG_INFO = NO;
				SDKROOT = iphoneos;
				SWIFT_OPTIMIZATION_LEVEL = "-Owholemodule";
				VALIDATE_PRODUCT = YES;
			};
			name = Release;
		};
		C9D390721F86577C00E7D4D5 /* Debug */ = {
			isa = XCBuildConfiguration;
			buildSettings = {
				ASSETCATALOG_COMPILER_APPICON_NAME = AppIcon;
				CODE_SIGN_STYLE = Automatic;
				DEVELOPMENT_TEAM = KH5Q4P7XM2;
				INFOPLIST_FILE = "app-swoosh/Info.plist";
				LD_RUNPATH_SEARCH_PATHS = "$(inherited) @executable_path/Frameworks";
				PRODUCT_BUNDLE_IDENTIFIER = "com.mosapps.app-swoosh";
				PRODUCT_NAME = "$(TARGET_NAME)";
				SWIFT_VERSION = 4.0;
				TARGETED_DEVICE_FAMILY = "1,2";
			};
			name = Debug;
		};
		C9D390731F86577C00E7D4D5 /* Release */ = {
			isa = XCBuildConfiguration;
			buildSettings = {
				ASSETCATALOG_COMPILER_APPICON_NAME = AppIcon;
				CODE_SIGN_STYLE = Automatic;
				DEVELOPMENT_TEAM = KH5Q4P7XM2;
				INFOPLIST_FILE = "app-swoosh/Info.plist";
				LD_RUNPATH_SEARCH_PATHS = "$(inherited) @executable_path/Frameworks";
				PRODUCT_BUNDLE_IDENTIFIER = "com.mosapps.app-swoosh";
				PRODUCT_NAME = "$(TARGET_NAME)";
				SWIFT_VERSION = 4.0;
				TARGETED_DEVICE_FAMILY = "1,2";
			};
			name = Release;
		};
/* End XCBuildConfiguration section */

/* Begin XCConfigurationList section */
		C9D3905A1F86577C00E7D4D5 /* Build configuration list for PBXProject "app-swoosh" */ = {
			isa = XCConfigurationList;
			buildConfigurations = (
				C9D3906F1F86577C00E7D4D5 /* Debug */,
				C9D390701F86577C00E7D4D5 /* Release */,
			);
			defaultConfigurationIsVisible = 0;
			defaultConfigurationName = Release;
		};
		C9D390711F86577C00E7D4D5 /* Build configuration list for PBXNativeTarget "app-swoosh" */ = {
			isa = XCConfigurationList;
			buildConfigurations = (
				C9D390721F86577C00E7D4D5 /* Debug */,
				C9D390731F86577C00E7D4D5 /* Release */,
			);
			defaultConfigurationIsVisible = 0;
			defaultConfigurationName = Release;
		};
/* End XCConfigurationList section */
	};
	rootObject = C9D390571F86577C00E7D4D5 /* Project object */;
}
